
Microsoft Visual Studio Solution File, Format Version 12.00
# Visual Studio Version 17
VisualStudioVersion = 17.6.33723.286
MinimumVisualStudioVersion = 10.0.40219.1
Project("{2150E333-8FDC-42A3-9474-1A3956D46DE8}") = "Solution Items", "Solution Items", "{0208A216-B2E2-4315-B073-84B85F7ED9D2}"
	ProjectSection(SolutionItems) = preProject
		..\.gitignore = ..\.gitignore
		..\README.md = ..\README.md
	EndProjectSection
EndProject
Project("{9A19103F-16F7-4668-BE54-9A1E7A4F7556}") = "LineClown.Excel", "LineClown.Excel\LineClown.Excel.csproj", "{E2B97610-BAB0-424B-B9D7-EBCF11BBA052}"
EndProject
Global
	GlobalSection(SolutionConfigurationPlatforms) = preSolution
		Debug|Any CPU = Debug|Any CPU
		Release|Any CPU = Release|Any CPU
	EndGlobalSection
	GlobalSection(ProjectConfigurationPlatforms) = postSolution
		{E2B97610-BAB0-424B-B9D7-EBCF11BBA052}.Debug|Any CPU.ActiveCfg = Debug|Any CPU
		{E2B97610-BAB0-424B-B9D7-EBCF11BBA052}.Debug|Any CPU.Build.0 = Debug|Any CPU
		{E2B97610-BAB0-424B-B9D7-EBCF11BBA052}.Release|Any CPU.ActiveCfg = Release|Any CPU
		{E2B97610-BAB0-424B-B9D7-EBCF11BBA052}.Release|Any CPU.Build.0 = Release|Any CPU
	EndGlobalSection
	GlobalSection(SolutionProperties) = preSolution
		HideSolutionNode = FALSE
	EndGlobalSection
	GlobalSection(ExtensibilityGlobals) = postSolution
		SolutionGuid = {02272A35-542C-4A16-B00C-06BCFC03F80F}
	EndGlobalSection
EndGlobal
